// !$*UTF8*$!
{
	archiveVersion = 1;
	classes = {
	};
	objectVersion = 77;
	objects = {

/* Begin PBXBuildFile section */
		366DD5D02F31294300AA97ED /* RVTripPlannerTests.xctestplan in Resources */ = {isa = PBXBuildFile; fileRef = 366DD5CE2F31294300AA97ED /* RVTripPlannerTests.xctestplan */; };
		366DD5D12F31294300AA97ED /* HTTPClientTests.swift in Sources */ = {isa = PBXBuildFile; fileRef = 366DD5CD2F31294300AA97ED /* HTTPClientTests.swift */; };
		366DD5D62F3134B400AA97ED /* Helpers.swift in Sources */ = {isa = PBXBuildFile; fileRef = 366DD5D52F3134B400AA97ED /* Helpers.swift */; };
		366DD5E72F326CF800AA97ED /* HTTPClient.swift in Sources */ = {isa = PBXBuildFile; fileRef = 366DD5E32F326CF800AA97ED /* HTTPClient.swift */; };
		366DD5E82F326CF800AA97ED /* HTTPError.swift in Sources */ = {isa = PBXBuildFile; fileRef = 366DD5E42F326CF800AA97ED /* HTTPError.swift */; };
		366DD5E92F326CF800AA97ED /* POIService.swift in Sources */ = {isa = PBXBuildFile; fileRef = 366DD5E62F326CF800AA97ED /* POIService.swift */; };
		366DD5EA2F326CF800AA97ED /* PoIModel.swift in Sources */ = {isa = PBXBuildFile; fileRef = 366DD5E52F326CF800AA97ED /* PoIModel.swift */; };
		366DD5EE2F32774300AA97ED /* HomeScreenTabBar.swift in Sources */ = {isa = PBXBuildFile; fileRef = 366DD5ED2F32774300AA97ED /* HomeScreenTabBar.swift */; };
		366DD5F02F3279C400AA97ED /* GarageScreen.swift in Sources */ = {isa = PBXBuildFile; fileRef = 366DD5EF2F3279C400AA97ED /* GarageScreen.swift */; };
		366DD5F22F3279E900AA97ED /* PlacesScreen.swift in Sources */ = {isa = PBXBuildFile; fileRef = 366DD5F12F3279E900AA97ED /* PlacesScreen.swift */; };
		366DD5F42F3280E300AA97ED /* Vehicle.swift in Sources */ = {isa = PBXBuildFile; fileRef = 366DD5F32F3280E300AA97ED /* Vehicle.swift */; };
		366DD5F62F3281CC00AA97ED /* FuelType.swift in Sources */ = {isa = PBXBuildFile; fileRef = 366DD5F52F3281CC00AA97ED /* FuelType.swift */; };
		366DD5FA2F32866100AA97ED /* VehicleViewRow.swift in Sources */ = {isa = PBXBuildFile; fileRef = 366DD5F92F32866100AA97ED /* VehicleViewRow.swift */; };
		366DD5FC2F32969500AA97ED /* FuelBadge.swift in Sources */ = {isa = PBXBuildFile; fileRef = 366DD5FB2F32969500AA97ED /* FuelBadge.swift */; };
		366DD5FF2F329AF600AA97ED /* GarageEmptyStateView.swift in Sources */ = {isa = PBXBuildFile; fileRef = 366DD5FE2F329AF600AA97ED /* GarageEmptyStateView.swift */; };
		36F71DAE2F311CBE007874F7 /* Assets.xcassets in Resources */ = {isa = PBXBuildFile; fileRef = 36F71DA92F311CBE007874F7 /* Assets.xcassets */; };
		36F71DB12F311CBE007874F7 /* RVTripPlannerApp.swift in Sources */ = {isa = PBXBuildFile; fileRef = 36F71DAC2F311CBE007874F7 /* RVTripPlannerApp.swift */; };
		36F71DB32F311CD9007874F7 /* Readme.md in Sources */ = {isa = PBXBuildFile; fileRef = 36F71DB22F311CD4007874F7 /* Readme.md */; };
		36F71DB92F3122A0007874F7 /* Alamofire in Frameworks */ = {isa = PBXBuildFile; productRef = 36F71DB82F3122A0007874F7 /* Alamofire */; };
/* End PBXBuildFile section */

/* Begin PBXContainerItemProxy section */
		36F71D8D2F311C27007874F7 /* PBXContainerItemProxy */ = {
			isa = PBXContainerItemProxy;
			containerPortal = 36F71D752F311C25007874F7 /* Project object */;
			proxyType = 1;
			remoteGlobalIDString = 36F71D7C2F311C25007874F7;
			remoteInfo = RVTripPlanner;
		};
/* End PBXContainerItemProxy section */

/* Begin PBXFileReference section */
		366DD5CA2F31278000AA97ED /* RVTripPlannerTests.xctestplan */ = {isa = PBXFileReference; lastKnownFileType = text; name = RVTripPlannerTests.xctestplan; path = RVTripPlannerTests/RVTripPlannerTests.xctestplan; sourceTree = "<group>"; };
		366DD5CD2F31294300AA97ED /* HTTPClientTests.swift */ = {isa = PBXFileReference; lastKnownFileType = sourcecode.swift; path = HTTPClientTests.swift; sourceTree = "<group>"; };
		366DD5CE2F31294300AA97ED /* RVTripPlannerTests.xctestplan */ = {isa = PBXFileReference; lastKnownFileType = text; path = RVTripPlannerTests.xctestplan; sourceTree = "<group>"; };
		366DD5D52F3134B400AA97ED /* Helpers.swift */ = {isa = PBXFileReference; lastKnownFileType = sourcecode.swift; path = Helpers.swift; sourceTree = "<group>"; };
		366DD5E32F326CF800AA97ED /* HTTPClient.swift */ = {isa = PBXFileReference; lastKnownFileType = sourcecode.swift; path = HTTPClient.swift; sourceTree = "<group>"; };
		366DD5E42F326CF800AA97ED /* HTTPError.swift */ = {isa = PBXFileReference; lastKnownFileType = sourcecode.swift; path = HTTPError.swift; sourceTree = "<group>"; };
		366DD5E52F326CF800AA97ED /* PoIModel.swift */ = {isa = PBXFileReference; lastKnownFileType = sourcecode.swift; path = PoIModel.swift; sourceTree = "<group>"; };
		366DD5E62F326CF800AA97ED /* POIService.swift */ = {isa = PBXFileReference; lastKnownFileType = sourcecode.swift; path = POIService.swift; sourceTree = "<group>"; };
		366DD5ED2F32774300AA97ED /* HomeScreenTabBar.swift */ = {isa = PBXFileReference; lastKnownFileType = sourcecode.swift; path = HomeScreenTabBar.swift; sourceTree = "<group>"; };
		366DD5EF2F3279C400AA97ED /* GarageScreen.swift */ = {isa = PBXFileReference; lastKnownFileType = sourcecode.swift; path = GarageScreen.swift; sourceTree = "<group>"; };
		366DD5F12F3279E900AA97ED /* PlacesScreen.swift */ = {isa = PBXFileReference; lastKnownFileType = sourcecode.swift; path = PlacesScreen.swift; sourceTree = "<group>"; };
		366DD5F32F3280E300AA97ED /* Vehicle.swift */ = {isa = PBXFileReference; lastKnownFileType = sourcecode.swift; path = Vehicle.swift; sourceTree = "<group>"; };
		366DD5F52F3281CC00AA97ED /* FuelType.swift */ = {isa = PBXFileReference; lastKnownFileType = sourcecode.swift; path = FuelType.swift; sourceTree = "<group>"; };
		366DD5F92F32866100AA97ED /* VehicleViewRow.swift */ = {isa = PBXFileReference; lastKnownFileType = sourcecode.swift; path = VehicleViewRow.swift; sourceTree = "<group>"; };
		366DD5FB2F32969500AA97ED /* FuelBadge.swift */ = {isa = PBXFileReference; lastKnownFileType = sourcecode.swift; path = FuelBadge.swift; sourceTree = "<group>"; };
		366DD5FE2F329AF600AA97ED /* GarageEmptyStateView.swift */ = {isa = PBXFileReference; lastKnownFileType = sourcecode.swift; path = GarageEmptyStateView.swift; sourceTree = "<group>"; };
		36F71D7D2F311C25007874F7 /* RVTripPlanner.app */ = {isa = PBXFileReference; explicitFileType = wrapper.application; includeInIndex = 0; path = RVTripPlanner.app; sourceTree = BUILT_PRODUCTS_DIR; };
		36F71D8C2F311C27007874F7 /* RVTripPlannerTests.xctest */ = {isa = PBXFileReference; explicitFileType = wrapper.cfbundle; includeInIndex = 0; path = RVTripPlannerTests.xctest; sourceTree = BUILT_PRODUCTS_DIR; };
		36F71DA92F311CBE007874F7 /* Assets.xcassets */ = {isa = PBXFileReference; lastKnownFileType = folder.assetcatalog; path = Assets.xcassets; sourceTree = "<group>"; };
		36F71DAC2F311CBE007874F7 /* RVTripPlannerApp.swift */ = {isa = PBXFileReference; lastKnownFileType = sourcecode.swift; path = RVTripPlannerApp.swift; sourceTree = "<group>"; };
		36F71DB22F311CD4007874F7 /* Readme.md */ = {isa = PBXFileReference; fileEncoding = 4; lastKnownFileType = net.daringfireball.markdown; path = Readme.md; sourceTree = "<group>"; };
/* End PBXFileReference section */

/* Begin PBXFrameworksBuildPhase section */
		36F71D7A2F311C25007874F7 /* Frameworks */ = {
			isa = PBXFrameworksBuildPhase;
			buildActionMask = 2147483647;
			files = (
				36F71DB92F3122A0007874F7 /* Alamofire in Frameworks */,
			);
			runOnlyForDeploymentPostprocessing = 0;
		};
		36F71D892F311C27007874F7 /* Frameworks */ = {
			isa = PBXFrameworksBuildPhase;
			buildActionMask = 2147483647;
			files = (
			);
			runOnlyForDeploymentPostprocessing = 0;
		};
/* End PBXFrameworksBuildPhase section */

/* Begin PBXGroup section */
		366DD5CF2F31294300AA97ED /* RVTripPlannerTests */ = {
			isa = PBXGroup;
			children = (
				366DD5D52F3134B400AA97ED /* Helpers.swift */,
				366DD5CD2F31294300AA97ED /* HTTPClientTests.swift */,
				366DD5CE2F31294300AA97ED /* RVTripPlannerTests.xctestplan */,
			);
			path = RVTripPlannerTests;
			sourceTree = "<group>";
		};
		366DD5DE2F31468700AA97ED /* Services */ = {
			isa = PBXGroup;
			children = (
				366DD5E32F326CF800AA97ED /* HTTPClient.swift */,
				366DD5E42F326CF800AA97ED /* HTTPError.swift */,
				366DD5E62F326CF800AA97ED /* POIService.swift */,
			);
			path = Services;
			sourceTree = "<group>";
		};
		366DD5FD2F3296A500AA97ED /* Components */ = {
			isa = PBXGroup;
			children = (
				366DD5FE2F329AF600AA97ED /* GarageEmptyStateView.swift */,
				366DD5F92F32866100AA97ED /* VehicleViewRow.swift */,
				366DD5FB2F32969500AA97ED /* FuelBadge.swift */,
			);
			path = Components;
			sourceTree = "<group>";
		};
		36F71D742F311C25007874F7 = {
			isa = PBXGroup;
			children = (
				366DD5CA2F31278000AA97ED /* RVTripPlannerTests.xctestplan */,
				36F71DAD2F311CBE007874F7 /* RVTripPlanner */,
				366DD5CF2F31294300AA97ED /* RVTripPlannerTests */,
				36F71D7E2F311C25007874F7 /* Products */,
			);
			sourceTree = "<group>";
		};
		36F71D7E2F311C25007874F7 /* Products */ = {
			isa = PBXGroup;
			children = (
				36F71D7D2F311C25007874F7 /* RVTripPlanner.app */,
				36F71D8C2F311C27007874F7 /* RVTripPlannerTests.xctest */,
			);
			name = Products;
			sourceTree = "<group>";
		};
		36F71DAD2F311CBE007874F7 /* RVTripPlanner */ = {
			isa = PBXGroup;
			children = (
				36F71DB22F311CD4007874F7 /* Readme.md */,
				36F71DAC2F311CBE007874F7 /* RVTripPlannerApp.swift */,
				36F71DB52F3121E2007874F7 /* Models */,
				36F71DB62F3121EC007874F7 /* Views */,
				366DD5DE2F31468700AA97ED /* Services */,
				36F71DB42F3121CC007874F7 /* Supporting Files */,
			);
			path = RVTripPlanner;
			sourceTree = "<group>";
		};
		36F71DB42F3121CC007874F7 /* Supporting Files */ = {
			isa = PBXGroup;
			children = (
				36F71DA92F311CBE007874F7 /* Assets.xcassets */,
			);
			path = "Supporting Files";
			sourceTree = "<group>";
		};
		36F71DB52F3121E2007874F7 /* Models */ = {
			isa = PBXGroup;
			children = (
				366DD5F52F3281CC00AA97ED /* FuelType.swift */,
				366DD5E52F326CF800AA97ED /* PoIModel.swift */,
				366DD5F32F3280E300AA97ED /* Vehicle.swift */,
			);
			path = Models;
			sourceTree = "<group>";
		};
		36F71DB62F3121EC007874F7 /* Views */ = {
			isa = PBXGroup;
			children = (
				366DD5ED2F32774300AA97ED /* HomeScreenTabBar.swift */,
				366DD5EF2F3279C400AA97ED /* GarageScreen.swift */,
				366DD5F12F3279E900AA97ED /* PlacesScreen.swift */,
				366DD5FD2F3296A500AA97ED /* Components */,
			);
			path = Views;
			sourceTree = "<group>";
		};
/* End PBXGroup section */

/* Begin PBXNativeTarget section */
		36F71D7C2F311C25007874F7 /* RVTripPlanner */ = {
			isa = PBXNativeTarget;
			buildConfigurationList = 36F71DA02F311C27007874F7 /* Build configuration list for PBXNativeTarget "RVTripPlanner" */;
			buildPhases = (
				36F71D792F311C25007874F7 /* Sources */,
				36F71D7A2F311C25007874F7 /* Frameworks */,
				36F71D7B2F311C25007874F7 /* Resources */,
			);
			buildRules = (
			);
			dependencies = (
			);
			name = RVTripPlanner;
			packageProductDependencies = (
				36F71DB82F3122A0007874F7 /* Alamofire */,
			);
			productName = RVTripPlanner;
			productReference = 36F71D7D2F311C25007874F7 /* RVTripPlanner.app */;
			productType = "com.apple.product-type.application";
		};
		36F71D8B2F311C27007874F7 /* RVTripPlannerTests */ = {
			isa = PBXNativeTarget;
			buildConfigurationList = 36F71DA32F311C27007874F7 /* Build configuration list for PBXNativeTarget "RVTripPlannerTests" */;
			buildPhases = (
				36F71D882F311C27007874F7 /* Sources */,
				36F71D892F311C27007874F7 /* Frameworks */,
				36F71D8A2F311C27007874F7 /* Resources */,
			);
			buildRules = (
			);
			dependencies = (
				36F71D8E2F311C27007874F7 /* PBXTargetDependency */,
			);
			name = RVTripPlannerTests;
			packageProductDependencies = (
			);
			productName = RVTripPlannerTests;
			productReference = 36F71D8C2F311C27007874F7 /* RVTripPlannerTests.xctest */;
			productType = "com.apple.product-type.bundle.unit-test";
		};
/* End PBXNativeTarget section */

/* Begin PBXProject section */
		36F71D752F311C25007874F7 /* Project object */ = {
			isa = PBXProject;
			attributes = {
				BuildIndependentTargetsInParallel = 1;
				LastSwiftUpdateCheck = 2620;
				LastUpgradeCheck = 2620;
				TargetAttributes = {
					36F71D7C2F311C25007874F7 = {
						CreatedOnToolsVersion = 26.2;
					};
					36F71D8B2F311C27007874F7 = {
						CreatedOnToolsVersion = 26.2;
						TestTargetID = 36F71D7C2F311C25007874F7;
					};
				};
			};
			buildConfigurationList = 36F71D782F311C25007874F7 /* Build configuration list for PBXProject "RVTripPlanner" */;
			developmentRegion = en;
			hasScannedForEncodings = 0;
			knownRegions = (
				en,
				Base,
			);
			mainGroup = 36F71D742F311C25007874F7;
			minimizedProjectReferenceProxies = 1;
			packageReferences = (
				36F71DB72F3122A0007874F7 /* XCRemoteSwiftPackageReference "Alamofire" */,
			);
			preferredProjectObjectVersion = 77;
			productRefGroup = 36F71D7E2F311C25007874F7 /* Products */;
			projectDirPath = "";
			projectRoot = "";
			targets = (
				36F71D7C2F311C25007874F7 /* RVTripPlanner */,
				36F71D8B2F311C27007874F7 /* RVTripPlannerTests */,
			);
		};
/* End PBXProject section */

/* Begin PBXResourcesBuildPhase section */
		36F71D7B2F311C25007874F7 /* Resources */ = {
			isa = PBXResourcesBuildPhase;
			buildActionMask = 2147483647;
			files = (
				36F71DAE2F311CBE007874F7 /* Assets.xcassets in Resources */,
			);
			runOnlyForDeploymentPostprocessing = 0;
		};
		36F71D8A2F311C27007874F7 /* Resources */ = {
			isa = PBXResourcesBuildPhase;
			buildActionMask = 2147483647;
			files = (
				366DD5D02F31294300AA97ED /* RVTripPlannerTests.xctestplan in Resources */,
			);
			runOnlyForDeploymentPostprocessing = 0;
		};
/* End PBXResourcesBuildPhase section */

/* Begin PBXSourcesBuildPhase section */
		36F71D792F311C25007874F7 /* Sources */ = {
			isa = PBXSourcesBuildPhase;
			buildActionMask = 2147483647;
			files = (
				36F71DB32F311CD9007874F7 /* Readme.md in Sources */,
				366DD5E72F326CF800AA97ED /* HTTPClient.swift in Sources */,
				366DD5FC2F32969500AA97ED /* FuelBadge.swift in Sources */,
				366DD5FF2F329AF600AA97ED /* GarageEmptyStateView.swift in Sources */,
				366DD5E82F326CF800AA97ED /* HTTPError.swift in Sources */,
				366DD5F02F3279C400AA97ED /* GarageScreen.swift in Sources */,
				366DD5E92F326CF800AA97ED /* POIService.swift in Sources */,
				366DD5EA2F326CF800AA97ED /* PoIModel.swift in Sources */,
				366DD5FA2F32866100AA97ED /* VehicleViewRow.swift in Sources */,
				366DD5EE2F32774300AA97ED /* HomeScreenTabBar.swift in Sources */,
				366DD5F62F3281CC00AA97ED /* FuelType.swift in Sources */,
				36F71DB12F311CBE007874F7 /* RVTripPlannerApp.swift in Sources */,
				366DD5F42F3280E300AA97ED /* Vehicle.swift in Sources */,
				366DD5F22F3279E900AA97ED /* PlacesScreen.swift in Sources */,
			);
			runOnlyForDeploymentPostprocessing = 0;
		};
		36F71D882F311C27007874F7 /* Sources */ = {
			isa = PBXSourcesBuildPhase;
			buildActionMask = 2147483647;
			files = (
				366DD5D62F3134B400AA97ED /* Helpers.swift in Sources */,
				366DD5D12F31294300AA97ED /* HTTPClientTests.swift in Sources */,
			);
			runOnlyForDeploymentPostprocessing = 0;
		};
/* End PBXSourcesBuildPhase section */

/* Begin PBXTargetDependency section */
		36F71D8E2F311C27007874F7 /* PBXTargetDependency */ = {
			isa = PBXTargetDependency;
			target = 36F71D7C2F311C25007874F7 /* RVTripPlanner */;
			targetProxy = 36F71D8D2F311C27007874F7 /* PBXContainerItemProxy */;
		};
/* End PBXTargetDependency section */

/* Begin XCBuildConfiguration section */
		36F71D9E2F311C27007874F7 /* Debug */ = {
			isa = XCBuildConfiguration;
			buildSettings = {
				ALWAYS_SEARCH_USER_PATHS = NO;
				ASSETCATALOG_COMPILER_GENERATE_SWIFT_ASSET_SYMBOL_EXTENSIONS = YES;
				CLANG_ANALYZER_NONNULL = YES;
				CLANG_ANALYZER_NUMBER_OBJECT_CONVERSION = YES_AGGRESSIVE;
				CLANG_CXX_LANGUAGE_STANDARD = "gnu++20";
				CLANG_ENABLE_MODULES = YES;
				CLANG_ENABLE_OBJC_ARC = YES;
				CLANG_ENABLE_OBJC_WEAK = YES;
				CLANG_WARN_BLOCK_CAPTURE_AUTORELEASING = YES;
				CLANG_WARN_BOOL_CONVERSION = YES;
				CLANG_WARN_COMMA = YES;
				CLANG_WARN_CONSTANT_CONVERSION = YES;
				CLANG_WARN_DEPRECATED_OBJC_IMPLEMENTATIONS = YES;
				CLANG_WARN_DIRECT_OBJC_ISA_USAGE = YES_ERROR;
				CLANG_WARN_DOCUMENTATION_COMMENTS = YES;
				CLANG_WARN_EMPTY_BODY = YES;
				CLANG_WARN_ENUM_CONVERSION = YES;
				CLANG_WARN_INFINITE_RECURSION = YES;
				CLANG_WARN_INT_CONVERSION = YES;
				CLANG_WARN_NON_LITERAL_NULL_CONVERSION = YES;
				CLANG_WARN_OBJC_IMPLICIT_RETAIN_SELF = YES;
				CLANG_WARN_OBJC_LITERAL_CONVERSION = YES;
				CLANG_WARN_OBJC_ROOT_CLASS = YES_ERROR;
				CLANG_WARN_QUOTED_INCLUDE_IN_FRAMEWORK_HEADER = YES;
				CLANG_WARN_RANGE_LOOP_ANALYSIS = YES;
				CLANG_WARN_STRICT_PROTOTYPES = YES;
				CLANG_WARN_SUSPICIOUS_MOVE = YES;
				CLANG_WARN_UNGUARDED_AVAILABILITY = YES_AGGRESSIVE;
				CLANG_WARN_UNREACHABLE_CODE = YES;
				CLANG_WARN__DUPLICATE_METHOD_MATCH = YES;
				COPY_PHASE_STRIP = NO;
				DEBUG_INFORMATION_FORMAT = dwarf;
				DEVELOPMENT_TEAM = S6ZFW3NA3K;
				ENABLE_STRICT_OBJC_MSGSEND = YES;
				ENABLE_TESTABILITY = YES;
				ENABLE_USER_SCRIPT_SANDBOXING = YES;
				GCC_C_LANGUAGE_STANDARD = gnu17;
				GCC_DYNAMIC_NO_PIC = NO;
				GCC_NO_COMMON_BLOCKS = YES;
				GCC_OPTIMIZATION_LEVEL = 0;
				GCC_PREPROCESSOR_DEFINITIONS = (
					"DEBUG=1",
					"$(inherited)",
				);
				GCC_WARN_64_TO_32_BIT_CONVERSION = YES;
				GCC_WARN_ABOUT_RETURN_TYPE = YES_ERROR;
				GCC_WARN_UNDECLARED_SELECTOR = YES;
				GCC_WARN_UNINITIALIZED_AUTOS = YES_AGGRESSIVE;
				GCC_WARN_UNUSED_FUNCTION = YES;
				GCC_WARN_UNUSED_VARIABLE = YES;
				IPHONEOS_DEPLOYMENT_TARGET = 26.2;
				LOCALIZATION_PREFERS_STRING_CATALOGS = YES;
				MTL_ENABLE_DEBUG_INFO = INCLUDE_SOURCE;
				MTL_FAST_MATH = YES;
				ONLY_ACTIVE_ARCH = YES;
				SDKROOT = iphoneos;
				SWIFT_ACTIVE_COMPILATION_CONDITIONS = "DEBUG $(inherited)";
				SWIFT_OPTIMIZATION_LEVEL = "-Onone";
			};
			name = Debug;
		};
		36F71D9F2F311C27007874F7 /* Release */ = {
			isa = XCBuildConfiguration;
			buildSettings = {
				ALWAYS_SEARCH_USER_PATHS = NO;
				ASSETCATALOG_COMPILER_GENERATE_SWIFT_ASSET_SYMBOL_EXTENSIONS = YES;
				CLANG_ANALYZER_NONNULL = YES;
				CLANG_ANALYZER_NUMBER_OBJECT_CONVERSION = YES_AGGRESSIVE;
				CLANG_CXX_LANGUAGE_STANDARD = "gnu++20";
				CLANG_ENABLE_MODULES = YES;
				CLANG_ENABLE_OBJC_ARC = YES;
				CLANG_ENABLE_OBJC_WEAK = YES;
				CLANG_WARN_BLOCK_CAPTURE_AUTORELEASING = YES;
				CLANG_WARN_BOOL_CONVERSION = YES;
				CLANG_WARN_COMMA = YES;
				CLANG_WARN_CONSTANT_CONVERSION = YES;
				CLANG_WARN_DEPRECATED_OBJC_IMPLEMENTATIONS = YES;
				CLANG_WARN_DIRECT_OBJC_ISA_USAGE = YES_ERROR;
				CLANG_WARN_DOCUMENTATION_COMMENTS = YES;
				CLANG_WARN_EMPTY_BODY = YES;
				CLANG_WARN_ENUM_CONVERSION = YES;
				CLANG_WARN_INFINITE_RECURSION = YES;
				CLANG_WARN_INT_CONVERSION = YES;
				CLANG_WARN_NON_LITERAL_NULL_CONVERSION = YES;
				CLANG_WARN_OBJC_IMPLICIT_RETAIN_SELF = YES;
				CLANG_WARN_OBJC_LITERAL_CONVERSION = YES;
				CLANG_WARN_OBJC_ROOT_CLASS = YES_ERROR;
				CLANG_WARN_QUOTED_INCLUDE_IN_FRAMEWORK_HEADER = YES;
				CLANG_WARN_RANGE_LOOP_ANALYSIS = YES;
				CLANG_WARN_STRICT_PROTOTYPES = YES;
				CLANG_WARN_SUSPICIOUS_MOVE = YES;
				CLANG_WARN_UNGUARDED_AVAILABILITY = YES_AGGRESSIVE;
				CLANG_WARN_UNREACHABLE_CODE = YES;
				CLANG_WARN__DUPLICATE_METHOD_MATCH = YES;
				COPY_PHASE_STRIP = NO;
				DEBUG_INFORMATION_FORMAT = "dwarf-with-dsym";
				DEVELOPMENT_TEAM = S6ZFW3NA3K;
				ENABLE_NS_ASSERTIONS = NO;
				ENABLE_STRICT_OBJC_MSGSEND = YES;
				ENABLE_USER_SCRIPT_SANDBOXING = YES;
				GCC_C_LANGUAGE_STANDARD = gnu17;
				GCC_NO_COMMON_BLOCKS = YES;
				GCC_WARN_64_TO_32_BIT_CONVERSION = YES;
				GCC_WARN_ABOUT_RETURN_TYPE = YES_ERROR;
				GCC_WARN_UNDECLARED_SELECTOR = YES;
				GCC_WARN_UNINITIALIZED_AUTOS = YES_AGGRESSIVE;
				GCC_WARN_UNUSED_FUNCTION = YES;
				GCC_WARN_UNUSED_VARIABLE = YES;
				IPHONEOS_DEPLOYMENT_TARGET = 26.2;
				LOCALIZATION_PREFERS_STRING_CATALOGS = YES;
				MTL_ENABLE_DEBUG_INFO = NO;
				MTL_FAST_MATH = YES;
				SDKROOT = iphoneos;
				SWIFT_COMPILATION_MODE = wholemodule;
				VALIDATE_PRODUCT = YES;
			};
			name = Release;
		};
		36F71DA12F311C27007874F7 /* Debug */ = {
			isa = XCBuildConfiguration;
			buildSettings = {
				ASSETCATALOG_COMPILER_APPICON_NAME = AppIcon;
				ASSETCATALOG_COMPILER_GLOBAL_ACCENT_COLOR_NAME = AccentColor;
				CODE_SIGN_STYLE = Automatic;
				CURRENT_PROJECT_VERSION = 1;
				DEVELOPMENT_TEAM = S6ZFW3NA3K;
				ENABLE_PREVIEWS = YES;
				GENERATE_INFOPLIST_FILE = YES;
				INFOPLIST_KEY_UIApplicationSceneManifest_Generation = YES;
				INFOPLIST_KEY_UIApplicationSupportsIndirectInputEvents = YES;
				INFOPLIST_KEY_UILaunchScreen_Generation = YES;
				INFOPLIST_KEY_UISupportedInterfaceOrientations_iPad = "UIInterfaceOrientationPortrait UIInterfaceOrientationPortraitUpsideDown UIInterfaceOrientationLandscapeLeft UIInterfaceOrientationLandscapeRight";
				INFOPLIST_KEY_UISupportedInterfaceOrientations_iPhone = "UIInterfaceOrientationPortrait UIInterfaceOrientationLandscapeLeft UIInterfaceOrientationLandscapeRight";
				IPHONEOS_DEPLOYMENT_TARGET = 17.6;
				LD_RUNPATH_SEARCH_PATHS = (
					"$(inherited)",
					"@executable_path/Frameworks",
				);
				MARKETING_VERSION = 1.0;
				PRODUCT_BUNDLE_IDENTIFIER = johnmark.RVTripPlanner;
				PRODUCT_NAME = "$(TARGET_NAME)";
				STRING_CATALOG_GENERATE_SYMBOLS = YES;
				SUPPORTED_PLATFORMS = "iphoneos iphonesimulator";
				SUPPORTS_MACCATALYST = NO;
				SUPPORTS_MAC_DESIGNED_FOR_IPHONE_IPAD = NO;
				SUPPORTS_XR_DESIGNED_FOR_IPHONE_IPAD = NO;
				SWIFT_APPROACHABLE_CONCURRENCY = YES;
				SWIFT_DEFAULT_ACTOR_ISOLATION = MainActor;
				SWIFT_EMIT_LOC_STRINGS = YES;
				SWIFT_UPCOMING_FEATURE_MEMBER_IMPORT_VISIBILITY = YES;
				SWIFT_VERSION = 5.0;
				TARGETED_DEVICE_FAMILY = "1,2";
			};
			name = Debug;
		};
		36F71DA22F311C27007874F7 /* Release */ = {
			isa = XCBuildConfiguration;
			buildSettings = {
				ASSETCATALOG_COMPILER_APPICON_NAME = AppIcon;
				ASSETCATALOG_COMPILER_GLOBAL_ACCENT_COLOR_NAME = AccentColor;
				CODE_SIGN_STYLE = Automatic;
				CURRENT_PROJECT_VERSION = 1;
				DEVELOPMENT_TEAM = S6ZFW3NA3K;
				ENABLE_PREVIEWS = YES;
				GENERATE_INFOPLIST_FILE = YES;
				INFOPLIST_KEY_UIApplicationSceneManifest_Generation = YES;
				INFOPLIST_KEY_UIApplicationSupportsIndirectInputEvents = YES;
				INFOPLIST_KEY_UILaunchScreen_Generation = YES;
				INFOPLIST_KEY_UISupportedInterfaceOrientations_iPad = "UIInterfaceOrientationPortrait UIInterfaceOrientationPortraitUpsideDown UIInterfaceOrientationLandscapeLeft UIInterfaceOrientationLandscapeRight";
				INFOPLIST_KEY_UISupportedInterfaceOrientations_iPhone = "UIInterfaceOrientationPortrait UIInterfaceOrientationLandscapeLeft UIInterfaceOrientationLandscapeRight";
				IPHONEOS_DEPLOYMENT_TARGET = 17.6;
				LD_RUNPATH_SEARCH_PATHS = (
					"$(inherited)",
					"@executable_path/Frameworks",
				);
				MARKETING_VERSION = 1.0;
				PRODUCT_BUNDLE_IDENTIFIER = johnmark.RVTripPlanner;
				PRODUCT_NAME = "$(TARGET_NAME)";
				STRING_CATALOG_GENERATE_SYMBOLS = YES;
				SUPPORTED_PLATFORMS = "iphoneos iphonesimulator";
				SUPPORTS_MACCATALYST = NO;
				SUPPORTS_MAC_DESIGNED_FOR_IPHONE_IPAD = NO;
				SUPPORTS_XR_DESIGNED_FOR_IPHONE_IPAD = NO;
				SWIFT_APPROACHABLE_CONCURRENCY = YES;
				SWIFT_DEFAULT_ACTOR_ISOLATION = MainActor;
				SWIFT_EMIT_LOC_STRINGS = YES;
				SWIFT_UPCOMING_FEATURE_MEMBER_IMPORT_VISIBILITY = YES;
				SWIFT_VERSION = 5.0;
				TARGETED_DEVICE_FAMILY = "1,2";
			};
			name = Release;
		};
		36F71DA42F311C27007874F7 /* Debug */ = {
			isa = XCBuildConfiguration;
			buildSettings = {
				BUNDLE_LOADER = "$(TEST_HOST)";
				CODE_SIGN_STYLE = Automatic;
				CURRENT_PROJECT_VERSION = 1;
				DEVELOPMENT_TEAM = S6ZFW3NA3K;
				ENABLE_APP_SANDBOX = YES;
				ENABLE_HARDENED_RUNTIME = YES;
				ENABLE_OUTGOING_NETWORK_CONNECTIONS = YES;
				GENERATE_INFOPLIST_FILE = YES;
				IPHONEOS_DEPLOYMENT_TARGET = 17.6;
				MACOSX_DEPLOYMENT_TARGET = 26.0;
				MARKETING_VERSION = 1.0;
				PRODUCT_BUNDLE_IDENTIFIER = johnmark.RVTripPlannerTests;
				PRODUCT_NAME = "$(TARGET_NAME)";
				REGISTER_APP_GROUPS = YES;
				STRING_CATALOG_GENERATE_SYMBOLS = NO;
				SUPPORTED_PLATFORMS = macosx;
				SUPPORTS_MACCATALYST = NO;
				SUPPORTS_MAC_DESIGNED_FOR_IPHONE_IPAD = NO;
				SUPPORTS_XR_DESIGNED_FOR_IPHONE_IPAD = NO;
				SWIFT_APPROACHABLE_CONCURRENCY = YES;
				SWIFT_EMIT_LOC_STRINGS = NO;
				SWIFT_UPCOMING_FEATURE_MEMBER_IMPORT_VISIBILITY = YES;
				SWIFT_VERSION = 5.0;
			};
			name = Debug;
		};
		36F71DA52F311C27007874F7 /* Release */ = {
			isa = XCBuildConfiguration;
			buildSettings = {
				BUNDLE_LOADER = "$(TEST_HOST)";
				CODE_SIGN_STYLE = Automatic;
				CURRENT_PROJECT_VERSION = 1;
				DEVELOPMENT_TEAM = S6ZFW3NA3K;
				GENERATE_INFOPLIST_FILE = YES;
				IPHONEOS_DEPLOYMENT_TARGET = 17.6;
				MACOSX_DEPLOYMENT_TARGET = 26.0;
				MARKETING_VERSION = 1.0;
				PRODUCT_BUNDLE_IDENTIFIER = johnmark.RVTripPlannerTests;
				PRODUCT_NAME = "$(TARGET_NAME)";
				STRING_CATALOG_GENERATE_SYMBOLS = NO;
				SUPPORTED_PLATFORMS = macosx;
				SUPPORTS_MACCATALYST = NO;
				SUPPORTS_MAC_DESIGNED_FOR_IPHONE_IPAD = NO;
				SUPPORTS_XR_DESIGNED_FOR_IPHONE_IPAD = NO;
				SWIFT_APPROACHABLE_CONCURRENCY = YES;
				SWIFT_EMIT_LOC_STRINGS = NO;
				SWIFT_UPCOMING_FEATURE_MEMBER_IMPORT_VISIBILITY = YES;
				SWIFT_VERSION = 5.0;
			};
			name = Release;
		};
/* End XCBuildConfiguration section */

/* Begin XCConfigurationList section */
		36F71D782F311C25007874F7 /* Build configuration list for PBXProject "RVTripPlanner" */ = {
			isa = XCConfigurationList;
			buildConfigurations = (
				36F71D9E2F311C27007874F7 /* Debug */,
				36F71D9F2F311C27007874F7 /* Release */,
			);
			defaultConfigurationIsVisible = 0;
			defaultConfigurationName = Release;
		};
		36F71DA02F311C27007874F7 /* Build configuration list for PBXNativeTarget "RVTripPlanner" */ = {
			isa = XCConfigurationList;
			buildConfigurations = (
				36F71DA12F311C27007874F7 /* Debug */,
				36F71DA22F311C27007874F7 /* Release */,
			);
			defaultConfigurationIsVisible = 0;
			defaultConfigurationName = Release;
		};
		36F71DA32F311C27007874F7 /* Build configuration list for PBXNativeTarget "RVTripPlannerTests" */ = {
			isa = XCConfigurationList;
			buildConfigurations = (
				36F71DA42F311C27007874F7 /* Debug */,
				36F71DA52F311C27007874F7 /* Release */,
			);
			defaultConfigurationIsVisible = 0;
			defaultConfigurationName = Release;
		};
/* End XCConfigurationList section */

/* Begin XCRemoteSwiftPackageReference section */
		36F71DB72F3122A0007874F7 /* XCRemoteSwiftPackageReference "Alamofire" */ = {
			isa = XCRemoteSwiftPackageReference;
			repositoryURL = "https://github.com/Alamofire/Alamofire.git";
			requirement = {
				kind = upToNextMajorVersion;
				minimumVersion = 5.11.1;
			};
		};
/* End XCRemoteSwiftPackageReference section */

/* Begin XCSwiftPackageProductDependency section */
		36F71DB82F3122A0007874F7 /* Alamofire */ = {
			isa = XCSwiftPackageProductDependency;
			package = 36F71DB72F3122A0007874F7 /* XCRemoteSwiftPackageReference "Alamofire" */;
			productName = Alamofire;
		};
/* End XCSwiftPackageProductDependency section */
	};
	rootObject = 36F71D752F311C25007874F7 /* Project object */;
}
